<?xml version="1.0" encoding="utf-8"?>
<Project ToolsVersion="4.0" xmlns="http://schemas.microsoft.com/developer/msbuild/2003">
  <ItemGroup>
    <!-- Top-level filters -->
    <Filter Include="Source Files">
      <UniqueIdentifier>{4FC737F1-C7A5-4376-A066-2A32D752A2FF}</UniqueIdentifier>
      <Extensions>cpp;c;cc;cxx;c++;cppm;ixx;def;odl;idl;hpj;bat;asm;asmx</Extensions>
    </Filter>
    <Filter Include="Header Files">
      <UniqueIdentifier>{93995380-89BD-4b04-88EB-625FBE52EBFB}</UniqueIdentifier>
      <Extensions>h;hh;hpp;hxx;h++;hm;inl;inc;ipp;xsd</Extensions>
    </Filter>
    <Filter Include="Resource Files">
      <UniqueIdentifier>{67DA6AB6-F800-4c08-8B7A-83BB121AAD01}</UniqueIdentifier>
      <Extensions>rc;ico;cur;bmp;dlg;rc2;rct;bin;rgs;gif;jpg;jpeg;jpe;resx;tiff;tif;png;wav;mfcribbon-ms</Extensions>
    </Filter>
    <Filter Include="Config Files">
      <UniqueIdentifier>{000e14e3-bae4-449f-8f55-108ee516aa42}</UniqueIdentifier>
    </Filter>
    <Filter Include="Config Files\Showcases">
      <UniqueIdentifier>{cfg00001-0000-0000-0000-000000000001}</UniqueIdentifier>
    </Filter>
    <Filter Include="Config Files\Legacy Lab">
      <UniqueIdentifier>{cfg00002-0000-0000-0000-000000000002}</UniqueIdentifier>
    </Filter>
    <Filter Include="Config Files\Tests">
      <UniqueIdentifier>{cfg00003-0000-0000-0000-000000000003}</UniqueIdentifier>
    </Filter>
    <Filter Include="IMGUI Files">
      <UniqueIdentifier>{7a978b8c-1415-404d-981f-6b800bc2ea0e}</UniqueIdentifier>
    </Filter>
    <Filter Include="Shader Files">
      <UniqueIdentifier>{cc9a7c29-0572-4866-85e1-c9d42120ec9c}</UniqueIdentifier>
    </Filter>
    <!-- Source subfolder filters -->
    <Filter Include="Source Files\core">
      <UniqueIdentifier>{a1b2c3d4-0001-0001-0001-000000000001}</UniqueIdentifier>
    </Filter>
    <Filter Include="Source Files\ecs">
      <UniqueIdentifier>{a1b2c3d4-0001-0001-0002-000000000002}</UniqueIdentifier>
    </Filter>
    <Filter Include="Source Files\scene">
      <UniqueIdentifier>{a1b2c3d4-0001-0001-0003-000000000003}</UniqueIdentifier>
    </Filter>
    <Filter Include="Source Files\scene\fb">
      <UniqueIdentifier>{a1b2c3d4-0001-0001-000d-00000000000d}</UniqueIdentifier>
    </Filter>
    <Filter Include="Source Files\graphics">
      <UniqueIdentifier>{a1b2c3d4-0001-0001-0004-000000000004}</UniqueIdentifier>
    </Filter>
    <Filter Include="Source Files\particles">
      <UniqueIdentifier>{a1b2c3d4-0001-0001-0005-000000000005}</UniqueIdentifier>
    </Filter>
    <Filter Include="Source Files\assets">
      <UniqueIdentifier>{a1b2c3d4-0001-0001-0006-000000000006}</UniqueIdentifier>
    </Filter>
    <Filter Include="Source Files\systems">
      <UniqueIdentifier>{a1b2c3d4-0001-0001-0007-000000000007}</UniqueIdentifier>
    </Filter>
    <Filter Include="Source Files\lighting">
      <UniqueIdentifier>{a1b2c3d4-0001-0001-0008-000000000008}</UniqueIdentifier>
    </Filter>
    <Filter Include="Source Files\services">
      <UniqueIdentifier>{a1b2c3d4-0001-0001-0009-000000000009}</UniqueIdentifier>
    </Filter>
    <Filter Include="Source Files\memory">
      <UniqueIdentifier>{a1b2c3d4-0001-0001-000a-00000000000a}</UniqueIdentifier>
    </Filter>
    <Filter Include="Source Files\scripts">
      <UniqueIdentifier>{a1b2c3d4-0001-0001-000b-00000000000b}</UniqueIdentifier>
    </Filter>
    <Filter Include="Source Files\networking">
      <UniqueIdentifier>{a1b2c3d4-0001-0001-000c-00000000000c}</UniqueIdentifier>
    </Filter>
    <!-- Header subfolder filters -->
    <Filter Include="Header Files\core">
      <UniqueIdentifier>{b2c3d4e5-0002-0001-0001-000000000011}</UniqueIdentifier>
    </Filter>
    <Filter Include="Header Files\ecs">
      <UniqueIdentifier>{b2c3d4e5-0002-0001-0002-000000000012}</UniqueIdentifier>
    </Filter>
    <Filter Include="Header Files\components">
      <UniqueIdentifier>{b2c3d4e5-0002-0001-0003-000000000013}</UniqueIdentifier>
    </Filter>
    <Filter Include="Header Files\systems">
      <UniqueIdentifier>{b2c3d4e5-0002-0001-0004-000000000014}</UniqueIdentifier>
    </Filter>
    <Filter Include="Header Files\scene">
      <UniqueIdentifier>{b2c3d4e5-0002-0001-0005-000000000015}</UniqueIdentifier>
    </Filter>
    <Filter Include="Header Files\scene\fb">
      <UniqueIdentifier>{b2c3d4e5-0002-0001-000f-00000000001f}</UniqueIdentifier>
    </Filter>
    <Filter Include="Header Files\graphics">
      <UniqueIdentifier>{b2c3d4e5-0002-0001-0006-000000000016}</UniqueIdentifier>
    </Filter>
    <Filter Include="Header Files\particles">
      <UniqueIdentifier>{b2c3d4e5-0002-0001-0007-000000000017}</UniqueIdentifier>
    </Filter>
    <Filter Include="Header Files\assets">
      <UniqueIdentifier>{b2c3d4e5-0002-0001-0008-000000000018}</UniqueIdentifier>
    </Filter>
    <Filter Include="Header Files\physics">
      <UniqueIdentifier>{b2c3d4e5-0002-0001-0009-000000000019}</UniqueIdentifier>
    </Filter>
    <Filter Include="Header Files\lighting">
      <UniqueIdentifier>{b2c3d4e5-0002-0001-000a-00000000001a}</UniqueIdentifier>
    </Filter>
    <Filter Include="Header Files\services">
      <UniqueIdentifier>{b2c3d4e5-0002-0001-000b-00000000001b}</UniqueIdentifier>
    </Filter>
    <Filter Include="Header Files\memory">
      <UniqueIdentifier>{b2c3d4e5-0002-0001-000c-00000000001c}</UniqueIdentifier>
    </Filter>
    <Filter Include="Header Files\scripts">
      <UniqueIdentifier>{b2c3d4e5-0002-0001-000d-00000000001d}</UniqueIdentifier>
    </Filter>
    <Filter Include="Header Files\networking">
      <UniqueIdentifier>{b2c3d4e5-0002-0001-000e-00000000001e}</UniqueIdentifier>
    </Filter>
    <!-- User-authored game scripts live here -->
    <Filter Include="Game Script Components">
      <UniqueIdentifier>{c3d4e5f6-0003-0001-0001-000000000031}</UniqueIdentifier>
    </Filter>
    <!-- Markdown sub-filters -->
    <Filter Include="Markdown Files">
      <UniqueIdentifier>{e6be89e5-d93b-44f9-9ae0-6c88a943a5a0}</UniqueIdentifier>
    </Filter>
    <Filter Include="Markdown Files\Lab Books">
      <UniqueIdentifier>{md000001-0000-0000-0000-000000000001}</UniqueIdentifier>
    </Filter>
    <Filter Include="Markdown Files\Technical Manual">
      <UniqueIdentifier>{md000002-0000-0000-0000-000000000002}</UniqueIdentifier>
    </Filter>
    <Filter Include="Markdown Files\Documentation">
      <UniqueIdentifier>{md000003-0000-0000-0000-000000000003}</UniqueIdentifier>
    </Filter>
    <Filter Include="Markdown Files\Legacy">
      <UniqueIdentifier>{md000004-0000-0000-0000-000000000004}</UniqueIdentifier>
    </Filter>
    <Filter Include="FlatBuffers Files">
      <UniqueIdentifier>{2cfc2d12-e698-4386-8e6b-4fea1ac25ee8}</UniqueIdentifier>
    </Filter>
  </ItemGroup>
  <ItemGroup>
    <Text Include="config\config.txt">
      <Filter>Config Files</Filter>
    </Text>
  </ItemGroup>
  <ItemGroup>
    <!-- IMGUI external sources -->
    <ClCompile Include="external-libraries\imgui\imgui-1.92.5\imgui.cpp">
      <Filter>IMGUI Files</Filter>
    </ClCompile>
    <ClCompile Include="external-libraries\imgui\imgui-1.92.5\imgui_demo.cpp">
      <Filter>IMGUI Files</Filter>
    </ClCompile>
    <ClCompile Include="external-libraries\imgui\imgui-1.92.5\imgui_draw.cpp">
      <Filter>IMGUI Files</Filter>
    </ClCompile>
    <ClCompile Include="external-libraries\imgui\imgui-1.92.5\imgui_tables.cpp">
      <Filter>IMGUI Files</Filter>
    </ClCompile>
    <ClCompile Include="external-libraries\imgui\imgui-1.92.5\imgui_widgets.cpp">
      <Filter>IMGUI Files</Filter>
    </ClCompile>
    <ClCompile Include="external-libraries\imgui\imgui-1.92.5\backends\imgui_impl_glfw.cpp">
      <Filter>IMGUI Files</Filter>
    </ClCompile>
    <ClCompile Include="external-libraries\imgui\imgui-1.92.5\backends\imgui_impl_vulkan.cpp">
      <Filter>IMGUI Files</Filter>
    </ClCompile>
    <!-- core -->
    <ClCompile Include="source\core\EngineOrchestrator.cpp">
      <Filter>Source Files\core</Filter>
    </ClCompile>
    <ClCompile Include="source\core\Logger.cpp">
      <Filter>Source Files\core</Filter>
    </ClCompile>
    <ClCompile Include="source\core\stb_impl.cpp">
      <Filter>Source Files\core</Filter>
    </ClCompile>
    <ClCompile Include="source\core\NetworkBridge.cpp">
      <Filter>Source Files\core</Filter>
    </ClCompile>
    <!-- ecs -->
    <ClCompile Include="source\ecs\Entity.cpp">
      <Filter>Source Files\ecs</Filter>
    </ClCompile>
    <ClCompile Include="source\ecs\EntityManager.cpp">
      <Filter>Source Files\ecs</Filter>
    </ClCompile>
    <!-- scene -->
    <ClCompile Include="source\scene\Scene.cpp">
      <Filter>Source Files\scene</Filter>
    </ClCompile>
    <ClCompile Include="source\scene\Scenario.cpp">
      <Filter>Source Files\scene</Filter>
    </ClCompile>
    <ClCompile Include="source\scene\SceneLoader.cpp">
      <Filter>Source Files\scene</Filter>
    </ClCompile>
    <ClCompile Include="source\scene\EntityFactory.cpp">
      <Filter>Source Files\scene</Filter>
    </ClCompile>
    <ClCompile Include="source\scene\GenericScenario.cpp">
      <Filter>Source Files\scene</Filter>
    </ClCompile>
    <ClCompile Include="source\scene\SnowGlobeScenario.cpp">
      <Filter>Source Files\scene</Filter>
    </ClCompile>
    <ClCompile Include="source\scene\FlatBuffersLoader.cpp">
      <Filter>Source Files\scene</Filter>
    </ClCompile>
    <ClCompile Include="source\scene\FlatBuffersScenario.cpp">
      <Filter>Source Files\scene</Filter>
    </ClCompile>
    <!-- scene/fb -->
    <ClCompile Include="source\scene\fb\FBSceneAdapter.cpp">
      <Filter>Source Files\scene\fb</Filter>
    </ClCompile>
    <!-- graphics -->
    <ClCompile Include="source\graphics\VulkanDevice.cpp">
      <Filter>Source Files\graphics</Filter>
    </ClCompile>
    <ClCompile Include="source\graphics\GpuResourceManager.cpp">
      <Filter>Source Files\graphics</Filter>
    </ClCompile>
    <ClCompile Include="source\graphics\VulkanUtils.cpp">
      <Filter>Source Files\graphics</Filter>
    </ClCompile>
    <ClCompile Include="source\graphics\RenderPass.cpp">
      <Filter>Source Files\graphics</Filter>
    </ClCompile>
    <ClCompile Include="source\graphics\SwapChain.cpp">
      <Filter>Source Files\graphics</Filter>
    </ClCompile>
    <ClCompile Include="source\graphics\FrameSyncManager.cpp">
      <Filter>Source Files\graphics</Filter>
    </ClCompile>
    <ClCompile Include="source\graphics\Renderer.cpp">
      <Filter>Source Files\graphics</Filter>
    </ClCompile>
    <ClCompile Include="source\graphics\GpuImage.cpp">
      <Filter>Source Files\graphics</Filter>
    </ClCompile>
    <ClCompile Include="source\graphics\Cubemap.cpp">
      <Filter>Source Files\graphics</Filter>
    </ClCompile>
    <ClCompile Include="source\graphics\Skybox.cpp">
      <Filter>Source Files\graphics</Filter>
    </ClCompile>
    <ClCompile Include="source\graphics\PostProcessBackend.cpp">
      <Filter>Source Files\graphics</Filter>
    </ClCompile>
    <!-- particles -->
    <ClCompile Include="source\particles\GpuParticleBackend.cpp">
      <Filter>Source Files\particles</Filter>
    </ClCompile>
    <ClCompile Include="source\particles\FlockGpuBackend.cpp">
      <Filter>Source Files\particles</Filter>
    </ClCompile>
    <ClCompile Include="source\systems\FlockGpuSystem.cpp">
      <Filter>Source Files\systems</Filter>
    </ClCompile>
    <!-- assets -->
    <ClCompile Include="source\assets\AssetManager.cpp">
      <Filter>Source Files\assets</Filter>
    </ClCompile>
    <ClCompile Include="source\assets\ConfigLoader.cpp">
      <Filter>Source Files\assets</Filter>
    </ClCompile>
    <ClCompile Include="source\assets\GeometryUtils.cpp">
      <Filter>Source Files\assets</Filter>
    </ClCompile>
    <ClCompile Include="source\assets\WireGeometryUtils.cpp">
      <Filter>Source Files\assets</Filter>
    </ClCompile>
    <ClCompile Include="source\assets\Mesh.cpp">
      <Filter>Source Files\assets</Filter>
    </ClCompile>
    <ClCompile Include="source\assets\Model.cpp">
      <Filter>Source Files\assets</Filter>
    </ClCompile>
    <!-- systems -->
    <ClCompile Include="source\systems\PhysicsSystem.cpp">
      <Filter>Source Files\systems</Filter>
    </ClCompile>
    <ClCompile Include="source\systems\TransformSystem.cpp">
      <Filter>Source Files\systems</Filter>
    </ClCompile>
    <ClCompile Include="source\systems\EngineServiceRegistry.cpp">
      <Filter>Source Files\systems</Filter>
    </ClCompile>
    <ClCompile Include="source\systems\ColliderVisualizerSystem.cpp">
      <Filter>Source Files\systems</Filter>
    </ClCompile>
    <ClCompile Include="source\systems\SpringSystem.cpp">
      <Filter>Source Files\systems</Filter>
    </ClCompile>
    <ClCompile Include="source\systems\ClothSystem.cpp">
      <Filter>Source Files\systems</Filter>
    </ClCompile>
    <ClCompile Include="source\systems\FlockingSystem.cpp">
      <Filter>Source Files\systems</Filter>
    </ClCompile>
    <ClCompile Include="source\systems\AnimationSystem.cpp">
      <Filter>Source Files\systems</Filter>
    </ClCompile>
    <ClCompile Include="source\systems\SpawnerSystem.cpp">
      <Filter>Source Files\systems</Filter>
    </ClCompile>
    <ClCompile Include="source\systems\ScriptSystem.cpp">
      <Filter>Source Files\systems</Filter>
    </ClCompile>
    <!-- lighting -->
    <ClCompile Include="source\lighting\LightSource.cpp">
      <Filter>Source Files\lighting</Filter>
    </ClCompile>
    <ClCompile Include="source\lighting\PointLightSource.cpp">
      <Filter>Source Files\lighting</Filter>
    </ClCompile>
    <!-- services -->
    <ClCompile Include="source\services\ClimateService.cpp">
      <Filter>Source Files\services</Filter>
    </ClCompile>
    <ClCompile Include="source\services\DebugOverlay.cpp">
      <Filter>Source Files\services</Filter>
    </ClCompile>
    <ClCompile Include="source\services\InputService.cpp">
      <Filter>Source Files\services</Filter>
    </ClCompile>
    <ClCompile Include="source\services\Inspector.cpp">
      <Filter>Source Files\services</Filter>
    </ClCompile>
    <!-- memory -->
    <ClCompile Include="source\memory\SimpleAllocator.cpp">
      <Filter>Source Files\memory</Filter>
    </ClCompile>
    <!-- scripts -->
    <ClCompile Include="source\scripts\GameScriptComponent.cpp">
      <Filter>Source Files\scripts</Filter>
    </ClCompile>
    <ClCompile Include="source\scripts\PlayerController.cpp">
      <Filter>Source Files\scripts</Filter>
    </ClCompile>
    <ClCompile Include="source\scripts\ScriptFactory.cpp">
      <Filter>Source Files\scripts</Filter>
    </ClCompile>
    <!-- networking -->
    <ClCompile Include="source\networking\NetworkService.cpp">
      <Filter>Source Files\networking</Filter>
    </ClCompile>
    <!-- entry point -->
    <ClCompile Include="source\main.cpp">
      <Filter>Source Files</Filter>
    </ClCompile>
  </ItemGroup>
  <ItemGroup>
    <!-- Shaders -->
    <None Include="shaders\base.frag">
      <Filter>Shader Files</Filter>
    </None>
    <None Include="shaders\checkerboard.frag">
      <Filter>Shader Files</Filter>
    </None>
    <None Include="shaders\checkerboard.vert">
      <Filter>Shader Files</Filter>
    </None>
    <None Include="shaders\collider_wire.frag">
      <Filter>Shader Files</Filter>
    </None>
    <None Include="shaders\collider_wire.vert">
      <Filter>Shader Files</Filter>
    </None>
    <None Include="shaders\dust.comp">
      <Filter>Shader Files</Filter>
    </None>
    <None Include="shaders\dust.frag">
      <Filter>Shader Files</Filter>
    </None>
    <None Include="shaders\dust.vert">
      <Filter>Shader Files</Filter>
    </None>
    <None Include="shaders\fire.comp">
      <Filter>Shader Files</Filter>
    </None>
    <None Include="shaders\fire.frag">
      <Filter>Shader Files</Filter>
    </None>
    <None Include="shaders\fire.vert">
      <Filter>Shader Files</Filter>
    </None>
    <None Include="shaders\flatcolor.frag">
      <Filter>Shader Files</Filter>
    </None>
    <None Include="shaders\flatcolor.vert">
      <Filter>Shader Files</Filter>
    </None>
    <None Include="shaders\glass.frag">
      <Filter>Shader Files</Filter>
    </None>
    <None Include="shaders\gouraud.frag">
      <Filter>Shader Files</Filter>
    </None>
    <None Include="shaders\gouraud.vert">
      <Filter>Shader Files</Filter>
    </None>
    <None Include="shaders\particle.comp">
      <Filter>Shader Files</Filter>
    </None>
    <None Include="shaders\particle.frag">
      <Filter>Shader Files</Filter>
    </None>
    <None Include="shaders\particle.vert">
      <Filter>Shader Files</Filter>
    </None>
    <None Include="shaders\phong.frag">
      <Filter>Shader Files</Filter>
    </None>
    <None Include="shaders\phong.vert">
      <Filter>Shader Files</Filter>
    </None>
    <None Include="shaders\post.frag">
      <Filter>Shader Files</Filter>
    </None>
    <None Include="shaders\post.vert">
      <Filter>Shader Files</Filter>
    </None>
    <None Include="shaders\rain.comp">
      <Filter>Shader Files</Filter>
    </None>
    <None Include="shaders\rain.frag">
      <Filter>Shader Files</Filter>
    </None>
    <None Include="shaders\rain.vert">
      <Filter>Shader Files</Filter>
    </None>
    <None Include="shaders\sand.frag">
      <Filter>Shader Files</Filter>
    </None>
    <None Include="shaders\shader.comp">
      <Filter>Shader Files</Filter>
    </None>
    <None Include="shaders\shader.frag">
      <Filter>Shader Files</Filter>
    </None>
    <None Include="shaders\shader.vert">
      <Filter>Shader Files</Filter>
    </None>
    <None Include="shaders\shadow.frag">
      <Filter>Shader Files</Filter>
    </None>
    <None Include="shaders\shadow.vert">
      <Filter>Shader Files</Filter>
    </None>
    <None Include="shaders\skybox.frag">
      <Filter>Shader Files</Filter>
    </None>
    <None Include="shaders\skybox.vert">
      <Filter>Shader Files</Filter>
    </None>
    <None Include="shaders\smoke.comp">
      <Filter>Shader Files</Filter>
    </None>
    <None Include="shaders\smoke.frag">
      <Filter>Shader Files</Filter>
    </None>
    <None Include="shaders\smoke.vert">
      <Filter>Shader Files</Filter>
    </None>
    <None Include="shaders\snow.comp">
      <Filter>Shader Files</Filter>
    </None>
    <None Include="shaders\snow.frag">
      <Filter>Shader Files</Filter>
    </None>
    <None Include="shaders\snow.vert">
      <Filter>Shader Files</Filter>
    </None>
    <None Include="shaders\transparent.frag">
      <Filter>Shader Files</Filter>
    </None>
    <None Include="shaders\water.frag">
      <Filter>Shader Files</Filter>
    </None>
    <None Include="shaders\water.vert">
      <Filter>Shader Files</Filter>
    </None>
    <None Include="shaders\compile.bat">
      <Filter>Shader Files</Filter>
    </None>
    <None Include="shaders\flock_brute.comp">
      <Filter>Shader Files</Filter>
    </None>
    <None Include="shaders\flock.vert">
      <Filter>Shader Files</Filter>
    </None>
    <None Include="shaders\flock.frag">
      <Filter>Shader Files</Filter>
    </None>
    <!-- Config / FlatBuffers -->
    <None Include="config\snow_globe.ini">
      <Filter>Config Files\Legacy Lab</Filter>
    </None>
    <None Include="config\simulation_lab2.ini">
      <Filter>Config Files\Legacy Lab</Filter>
    </None>
    <None Include="config\simulation_lab3.ini">
      <Filter>Config Files\Legacy Lab</Filter>
    </None>
    <None Include="config\simulation_lab4.ini">
      <Filter>Config Files\Legacy Lab</Filter>
    </None>
    <None Include="config\simulation_lab4_SameMass.ini">
      <Filter>Config Files\Legacy Lab</Filter>
    </None>
    <None Include="config\simulation_lab4_DiffMass.ini">
      <Filter>Config Files\Legacy Lab</Filter>
    </None>
    <None Include="config\simulation_lab5_orientation.ini">
      <Filter>Config Files\Legacy Lab</Filter>
    </None>
    <None Include="config\simulation_lab5_angular_velocity.ini">
      <Filter>Config Files\Legacy Lab</Filter>
    </None>
    <None Include="config\simulation_lab6_q1_torque.ini">
      <Filter>Config Files\Legacy Lab</Filter>
    </None>
    <None Include="config\simulation_lab6_q3_cylinder.ini">
      <Filter>Config Files\Legacy Lab</Filter>
    </None>
    <None Include="config\simulation_lab6_q5_worldspace.ini">
      <Filter>Config Files\Legacy Lab</Filter>
    </None>
    <None Include="config\simulation_lab6_q6_cuboid.ini">
      <Filter>Config Files\Legacy Lab</Filter>
    </None>
    <None Include="config\simulation_lab7_q1q2_spring.ini">
      <Filter>Config Files\Legacy Lab</Filter>
    </None>
    <None Include="config\simulation_lab7_q3_rope.ini">
      <Filter>Config Files\Legacy Lab</Filter>
    </None>
    <None Include="config\simulation_lab7_q4_cloth.ini">
      <Filter>Config Files\Legacy Lab</Filter>
    </None>
    <None Include="config\simulation_scripts_demo.ini">
      <Filter>Config Files\Legacy Lab</Filter>
    </None>
    <None Include="flatbuffers\Scene.fbs">
      <Filter>FlatBuffers Files</Filter>
    </None>
    <!-- Markdown: project-level -->
    <None Include="README.md" />
    <None Include="CLAUDE.md">
      <Filter>Markdown Files</Filter>
    </None>
    <!-- Markdown: Lab Books -->
    <None Include="markdown\Final Lab Book - C++ Programming and Design (700120).md">
      <Filter>Markdown Files\Lab Books</Filter>
    </None>
    <None Include="markdown\Final Lab Book - Real-Time Graphics (700106).md">
      <Filter>Markdown Files\Lab Books</Filter>
    </None>
    <None Include="markdown\Final Lab Book - Simulation and Concurrency (700105).md">
      <Filter>Markdown Files\Lab Books</Filter>
    </None>
    <None Include="markdown\Simulation and Concurrency - Final Lab.md">
      <Filter>Markdown Files\Lab Books</Filter>
    </None>
    <None Include="markdown\SimulationLab2.md">
      <Filter>Markdown Files\Legacy</Filter>
    </None>
    <None Include="markdown\SimulationLab3.md">
      <Filter>Markdown Files\Legacy</Filter>
    </None>
    <None Include="markdown\SimulationLab4.md">
      <Filter>Markdown Files\Legacy</Filter>
    </None>
    <None Include="markdown\SimulationLab5.md">
      <Filter>Markdown Files\Legacy</Filter>
    </None>
    <None Include="markdown\SimulationLab6.md">
      <Filter>Markdown Files\Legacy</Filter>
    </None>
    <None Include="markdown\SimulationLab7.md">
      <Filter>Markdown Files\Legacy</Filter>
    </None>
    <None Include="markdown\Lab-3.md">
      <Filter>Markdown Files\Legacy</Filter>
    </None>
    <None Include="markdown\Lab-4.md">
      <Filter>Markdown Files\Legacy</Filter>
    </None>
    <None Include="markdown\Lab-5.md">
      <Filter>Markdown Files\Legacy</Filter>
    </None>
    <None Include="markdown\Lab-6.md">
      <Filter>Markdown Files\Legacy</Filter>
    </None>
    <None Include="markdown\Lab-7.md">
      <Filter>Markdown Files\Legacy</Filter>
    </None>
    <!-- Markdown: Technical Manual -->
    <None Include="markdown\TechnicalManual\README.md">
      <Filter>Markdown Files\Technical Manual</Filter>
    </None>
    <None Include="markdown\TechnicalManual\00_Getting_Started.md">
      <Filter>Markdown Files\Technical Manual</Filter>
    </None>
    <None Include="markdown\TechnicalManual\01_ECS_Core.md">
      <Filter>Markdown Files\Technical Manual</Filter>
    </None>
    <None Include="markdown\TechnicalManual\02_Threading_and_Concurrency.md">
      <Filter>Markdown Files\Technical Manual</Filter>
    </None>
    <None Include="markdown\TechnicalManual\03_Vulkan_and_Rendering.md">
      <Filter>Markdown Files\Technical Manual</Filter>
    </None>
    <None Include="markdown\TechnicalManual\04_Scene_Management.md">
      <Filter>Markdown Files\Technical Manual</Filter>
    </None>
    <None Include="markdown\TechnicalManual\05_Physics_System.md">
      <Filter>Markdown Files\Technical Manual</Filter>
    </None>
    <None Include="markdown\TechnicalManual\06_Cloth_and_Flocking.md">
      <Filter>Markdown Files\Technical Manual</Filter>
    </None>
    <None Include="markdown\TechnicalManual\07_UDP_Networking.md">
      <Filter>Markdown Files\Technical Manual</Filter>
    </None>
    <None Include="markdown\TechnicalManual\08_Scripting_and_Services.md">
      <Filter>Markdown Files\Technical Manual</Filter>
    </None>
    <None Include="markdown\TechnicalManual\09_Animation_Spawning.md">
      <Filter>Markdown Files\Technical Manual</Filter>
    </None>
    <None Include="markdown\TechnicalManual\10_Asset_Pipeline.md">
      <Filter>Markdown Files\Technical Manual</Filter>
    </None>
    <None Include="markdown\TechnicalManual\11_Particle_System.md">
      <Filter>Markdown Files\Technical Manual</Filter>
    </None>
    <None Include="markdown\TechnicalManual\12_ImGui_Input_Debug.md">
      <Filter>Markdown Files\Technical Manual</Filter>
    </None>
    <!-- Markdown: Documentation -->
    <None Include="markdown\Test Cases.md">
      <Filter>Markdown Files\Documentation</Filter>
    </None>
    <None Include="markdown\Licenses.md">
      <Filter>Markdown Files\Documentation</Filter>
    </None>
    <None Include="markdown\C++ Programming and Design - Real-time Graphics - Final Lab README.md">
      <Filter>Markdown Files\Documentation</Filter>
    </None>
    <!-- Markdown: Legacy (old lab briefs and refactor plans) -->
    <None Include="markdown\SimulationWorkshops.md">
      <Filter>Markdown Files\Legacy</Filter>
    </None>
    <None Include="markdown\Claude - Refactor Plan.md">
      <Filter>Markdown Files\Legacy</Filter>
    </None>
    <None Include="markdown\Gemini - Refactor Plan.md">
      <Filter>Markdown Files\Legacy</Filter>
    </None>
  </ItemGroup>
  <ItemGroup>
    <!-- core headers -->
    <ClInclude Include="include\core\Common.h">
      <Filter>Header Files\core</Filter>
    </ClInclude>
    <ClInclude Include="include\core\libs.h">
      <Filter>Header Files\core</Filter>
    </ClInclude>
    <ClInclude Include="include\core\Logger.h">
      <Filter>Header Files\core</Filter>
    </ClInclude>
    <ClInclude Include="include\core\ServiceLocator.h">
      <Filter>Header Files\core</Filter>
    </ClInclude>
    <ClInclude Include="include\core\SimulationState.h">
      <Filter>Header Files\core</Filter>
    </ClInclude>
    <ClInclude Include="include\core\EngineOrchestrator.h">
      <Filter>Header Files\core</Filter>
    </ClInclude>
    <ClInclude Include="include\core\NetworkBridge.h">
      <Filter>Header Files\core</Filter>
    </ClInclude>
    <!-- ecs headers -->
    <ClInclude Include="include\ecs\Entity.h">
      <Filter>Header Files\ecs</Filter>
    </ClInclude>
    <ClInclude Include="include\ecs\EntityManager.h">
      <Filter>Header Files\ecs</Filter>
    </ClInclude>
    <ClInclude Include="include\ecs\ComponentArray.h">
      <Filter>Header Files\ecs</Filter>
    </ClInclude>
    <ClInclude Include="include\ecs\IComponentArray.h">
      <Filter>Header Files\ecs</Filter>
    </ClInclude>
    <ClInclude Include="include\ecs\ComponentType.h">
      <Filter>Header Files\ecs</Filter>
    </ClInclude>
    <ClInclude Include="include\ecs\IECSystem.h">
      <Filter>Header Files\ecs</Filter>
    </ClInclude>
    <!-- component headers -->
    <ClInclude Include="include\components\Transform.h">
      <Filter>Header Files\components</Filter>
    </ClInclude>
    <ClInclude Include="include\components\Tag.h">
      <Filter>Header Files\components</Filter>
    </ClInclude>
    <ClInclude Include="include\components\Components.h">
      <Filter>Header Files\components</Filter>
    </ClInclude>
    <ClInclude Include="include\components\PhysicsComponents.h">
      <Filter>Header Files\components</Filter>
    </ClInclude>
    <ClInclude Include="include\components\AnimationComponents.h">
      <Filter>Header Files\components</Filter>
    </ClInclude>
    <ClInclude Include="include\components\ClothComponent.h">
      <Filter>Header Files\components</Filter>
    </ClInclude>
    <ClInclude Include="include\components\FlockingComponent.h">
      <Filter>Header Files\components</Filter>
    </ClInclude>
    <ClInclude Include="include\components\ParticleComponent.h">
      <Filter>Header Files\components</Filter>
    </ClInclude>
    <ClInclude Include="include\components\SkyboxComponent.h">
      <Filter>Header Files\components</Filter>
    </ClInclude>
    <ClInclude Include="include\components\ScriptComponent.h">
      <Filter>Header Files\components</Filter>
    </ClInclude>
    <!-- system headers -->
    <ClInclude Include="include\systems\TransformSystem.h">
      <Filter>Header Files\systems</Filter>
    </ClInclude>
    <ClInclude Include="include\systems\PhysicsSystem.h">
      <Filter>Header Files\systems</Filter>
    </ClInclude>
    <ClInclude Include="include\systems\ParticleEmitterSystem.h">
      <Filter>Header Files\systems</Filter>
    </ClInclude>
    <ClInclude Include="include\systems\EngineServiceRegistry.h">
      <Filter>Header Files\systems</Filter>
    </ClInclude>
    <ClInclude Include="include\systems\ColliderVisualizerSystem.h">
      <Filter>Header Files\systems</Filter>
    </ClInclude>
    <ClInclude Include="include\systems\SpringSystem.h">
      <Filter>Header Files\systems</Filter>
    </ClInclude>
    <ClInclude Include="include\systems\ClothSystem.h">
      <Filter>Header Files\systems</Filter>
    </ClInclude>
    <ClInclude Include="include\systems\FlockingSystem.h">
      <Filter>Header Files\systems</Filter>
    </ClInclude>
    <ClInclude Include="include\systems\AnimationSystem.h">
      <Filter>Header Files\systems</Filter>
    </ClInclude>
    <ClInclude Include="include\systems\SpawnerSystem.h">
      <Filter>Header Files\systems</Filter>
    </ClInclude>
    <ClInclude Include="include\systems\ScriptSystem.h">
      <Filter>Header Files\systems</Filter>
    </ClInclude>
    <!-- scene headers -->
    <ClInclude Include="include\scene\Scene.h">
      <Filter>Header Files\scene</Filter>
    </ClInclude>
    <ClInclude Include="include\scene\SceneLoader.h">
      <Filter>Header Files\scene</Filter>
    </ClInclude>
    <ClInclude Include="include\scene\EntityFactory.h">
      <Filter>Header Files\scene</Filter>
    </ClInclude>
    <ClInclude Include="include\scene\Scenario.h">
      <Filter>Header Files\scene</Filter>
    </ClInclude>
    <ClInclude Include="include\scene\GenericScenario.h">
      <Filter>Header Files\scene</Filter>
    </ClInclude>
    <ClInclude Include="include\scene\SnowGlobeScenario.h">
      <Filter>Header Files\scene</Filter>
    </ClInclude>
    <ClInclude Include="include\scene\ISceneAdapter.h">
      <Filter>Header Files\scene</Filter>
    </ClInclude>
    <ClInclude Include="include\scene\FlatBuffersLoader.h">
      <Filter>Header Files\scene</Filter>
    </ClInclude>
    <ClInclude Include="include\scene\FlatBuffersScenario.h">
      <Filter>Header Files\scene</Filter>
    </ClInclude>
    <!-- scene/fb headers -->
    <ClInclude Include="include\scene\fb\FBSceneAdapter.h">
      <Filter>Header Files\scene\fb</Filter>
    </ClInclude>
    <ClInclude Include="include\scene\fb\FBSceneContext.h">
      <Filter>Header Files\scene\fb</Filter>
    </ClInclude>
    <!-- graphics headers -->
    <ClInclude Include="include\graphics\VulkanContext.h">
      <Filter>Header Files\graphics</Filter>
    </ClInclude>
    <ClInclude Include="include\graphics\VulkanDevice.h">
      <Filter>Header Files\graphics</Filter>
    </ClInclude>
    <ClInclude Include="include\graphics\GpuResourceManager.h">
      <Filter>Header Files\graphics</Filter>
    </ClInclude>
    <ClInclude Include="include\graphics\GpuUploadContext.h">
      <Filter>Header Files\graphics</Filter>
    </ClInclude>
    <ClInclude Include="include\graphics\VulkanUtils.h">
      <Filter>Header Files\graphics</Filter>
    </ClInclude>
    <ClInclude Include="include\graphics\SwapChain.h">
      <Filter>Header Files\graphics</Filter>
    </ClInclude>
    <ClInclude Include="include\graphics\FrameSyncManager.h">
      <Filter>Header Files\graphics</Filter>
    </ClInclude>
    <ClInclude Include="include\graphics\RenderPass.h">
      <Filter>Header Files\graphics</Filter>
    </ClInclude>
    <ClInclude Include="include\graphics\GraphicsPipeline.h">
      <Filter>Header Files\graphics</Filter>
    </ClInclude>
    <ClInclude Include="include\graphics\Renderer.h">
      <Filter>Header Files\graphics</Filter>
    </ClInclude>
    <ClInclude Include="include\graphics\PostProcessBackend.h">
      <Filter>Header Files\graphics</Filter>
    </ClInclude>
    <ClInclude Include="include\graphics\ShaderModule.h">
      <Filter>Header Files\graphics</Filter>
    </ClInclude>
    <ClInclude Include="include\graphics\GpuImage.h">
      <Filter>Header Files\graphics</Filter>
    </ClInclude>
    <ClInclude Include="include\graphics\Texture.h">
      <Filter>Header Files\graphics</Filter>
    </ClInclude>
    <ClInclude Include="include\graphics\Skybox.h">
      <Filter>Header Files\graphics</Filter>
    </ClInclude>
    <ClInclude Include="include\graphics\Cubemap.h">
      <Filter>Header Files\graphics</Filter>
    </ClInclude>
    <!-- particle headers -->
    <ClInclude Include="include\particles\GpuParticleBackend.h">
      <Filter>Header Files\particles</Filter>
    </ClInclude>
    <ClInclude Include="include\particles\FlockGpuBackend.h">
      <Filter>Header Files\particles</Filter>
    </ClInclude>
    <ClInclude Include="include\systems\FlockGpuSystem.h">
      <Filter>Header Files\systems</Filter>
    </ClInclude>
    <ClInclude Include="include\particles\Particle.h">
      <Filter>Header Files\particles</Filter>
    </ClInclude>
    <!-- asset headers -->
    <ClInclude Include="include\assets\AssetManager.h">
      <Filter>Header Files\assets</Filter>
    </ClInclude>
    <ClInclude Include="include\assets\Model.h">
      <Filter>Header Files\assets</Filter>
    </ClInclude>
    <ClInclude Include="include\assets\Mesh.h">
      <Filter>Header Files\assets</Filter>
    </ClInclude>
    <ClInclude Include="include\assets\Material.h">
      <Filter>Header Files\assets</Filter>
    </ClInclude>
    <ClInclude Include="include\assets\OBJLoader.h">
      <Filter>Header Files\assets</Filter>
    </ClInclude>
    <ClInclude Include="include\assets\Vertex.h">
      <Filter>Header Files\assets</Filter>
    </ClInclude>
    <ClInclude Include="include\assets\GeometryUtils.h">
      <Filter>Header Files\assets</Filter>
    </ClInclude>
    <ClInclude Include="include\assets\ConfigLoader.h">
      <Filter>Header Files\assets</Filter>
    </ClInclude>
    <!-- physics headers -->
    <ClInclude Include="include\physics\Physics.h">
      <Filter>Header Files\physics</Filter>
    </ClInclude>
    <ClInclude Include="include\physics\Physics2D.h">
      <Filter>Header Files\physics</Filter>
    </ClInclude>
    <ClInclude Include="include\physics\Ray.h">
      <Filter>Header Files\physics</Filter>
    </ClInclude>
    <ClInclude Include="include\physics\Sphere.h">
      <Filter>Header Files\physics</Filter>
    </ClInclude>
    <ClInclude Include="include\physics\Plane.h">
      <Filter>Header Files\physics</Filter>
    </ClInclude>
    <ClInclude Include="include\physics\Capsule.h">
      <Filter>Header Files\physics</Filter>
    </ClInclude>
    <ClInclude Include="include\physics\Cylinder.h">
      <Filter>Header Files\physics</Filter>
    </ClInclude>
    <ClInclude Include="include\physics\Line.h">
      <Filter>Header Files\physics</Filter>
    </ClInclude>
    <ClInclude Include="include\physics\Collider.h">
      <Filter>Header Files\physics</Filter>
    </ClInclude>
    <ClInclude Include="include\physics\MaterialInteractionRegistry.h">
      <Filter>Header Files\physics</Filter>
    </ClInclude>
    <!-- lighting headers -->
    <ClInclude Include="include\lighting\LightSource.h">
      <Filter>Header Files\lighting</Filter>
    </ClInclude>
    <ClInclude Include="include\lighting\PointLightSource.h">
      <Filter>Header Files\lighting</Filter>
    </ClInclude>
    <!-- service headers -->
    <ClInclude Include="include\services\TimeService.h">
      <Filter>Header Files\services</Filter>
    </ClInclude>
    <ClInclude Include="include\services\InputService.h">
      <Filter>Header Files\services</Filter>
    </ClInclude>
    <ClInclude Include="include\services\PerformanceTracker.h">
      <Filter>Header Files\services</Filter>
    </ClInclude>
    <ClInclude Include="include\services\DebugOverlay.h">
      <Filter>Header Files\services</Filter>
    </ClInclude>
    <ClInclude Include="include\services\ClimateService.h">
      <Filter>Header Files\services</Filter>
    </ClInclude>
    <ClInclude Include="include\services\Camera.h">
      <Filter>Header Files\services</Filter>
    </ClInclude>
    <ClInclude Include="include\services\Inspector.h">
      <Filter>Header Files\services</Filter>
    </ClInclude>
    <!-- memory headers -->
    <ClInclude Include="include\memory\SimpleAllocator.h">
      <Filter>Header Files\memory</Filter>
    </ClInclude>
    <ClInclude Include="include\memory\MemoryUtilities.h">
      <Filter>Header Files\memory</Filter>
    </ClInclude>
    <!-- script infrastructure headers -->
    <ClInclude Include="include\scripts\CollisionInfo.h">
      <Filter>Header Files\scripts</Filter>
    </ClInclude>
    <ClInclude Include="include\scripts\GameScriptComponent.h">
      <Filter>Header Files\scripts</Filter>
    </ClInclude>
    <ClInclude Include="include\scripts\PlayerController.h">
      <Filter>Header Files\scripts</Filter>
    </ClInclude>
    <ClInclude Include="include\scripts\ScriptFactory.h">
      <Filter>Header Files\scripts</Filter>
    </ClInclude>
    <!-- networking headers -->
    <ClInclude Include="include\networking\Packets.h">
      <Filter>Header Files\networking</Filter>
    </ClInclude>
    <ClInclude Include="include\networking\NetworkService.h">
      <Filter>Header Files\networking</Filter>
    </ClInclude>
    <!-- user-authored game scripts -->
    <ClInclude Include="include\game-scripts\DemoPlayerScript.h">
      <Filter>Game Script Components</Filter>
    </ClInclude>
    <ClInclude Include="include\game-scripts\DemoTriggerScript.h">
      <Filter>Game Script Components</Filter>
    </ClInclude>
    <ClInclude Include="include\game-scripts\ClothSphereSpawnerScript.h">
      <Filter>Game Script Components</Filter>
    </ClInclude>
  </ItemGroup>
</Project>
